<Solution>
  <Project Path="Assembly-CSharp-firstpass.csproj" />
  <Project Path="MoreMountains.Tools.csproj" />
  <Project Path="Febucci.TextAnimatorForUnity.Runtime.csproj" />
  <Project Path="NineGrid.Content.csproj" />
  <Project Path="UIKit.csproj" />
  <Project Path="DamageNumbersPro.csproj" />
  <Project Path="UniRx.csproj" />
  <Project Path="NineGrid.DevTest.Editor.csproj" />
  <Project Path="NineGrid.Cards.csproj" />
  <Project Path="ResKit.csproj" />
  <Project Path="UniTask.csproj" />
  <Project Path="QFramework.CoreKit.csproj" />
  <Project Path="Febucci.TextAnimatorForUnity.TMP.Runtime.csproj" />
  <Project Path="UniTask.Linq.csproj" />
  <Project Path="Locus.Editor.csproj" />
  <Project Path="SupportOldQF.csproj" />
  <Project Path="MoreMountains.Tools.Editor.csproj" />
  <Project Path="NineGrid.Flow.csproj" />
  <Project Path="AudioKit.csproj" />
  <Project Path="NineGrid.VisualLook.csproj" />
  <Project Path="NineGrid.Cards.Tests.csproj" />
  <Project Path="NineGrid.Cards.Editor.csproj" />
  <Project Path="NineGrid.DevTest.csproj" />
  <Project Path="UIKit.Editor.csproj" />
  <Project Path="UniTask.Addressables.csproj" />
  <Project Path="Lofelt.NiceVibrations.Demo.csproj" />
  <Project Path="NineGrid.Content.Editor.csproj" />
  <Project Path="NineGrid.Core.Tests.csproj" />
  <Project Path="NineGrid.LivingUI.csproj" />
  <Project Path="ResKit.Editor.csproj" />
  <Project Path="UniRx.Examples.csproj" />
  <Project Path="NineGrid.Core.csproj" />
  <Project Path="Febucci.TextAnimator.Demo.Runtime.csproj" />
  <Project Path="Assembly-CSharp-Editor-firstpass.csproj" />
  <Project Path="Lofelt.NiceVibrations.Editor.csproj" />
  <Project Path="Febucci.TextAnimatorForUnity.UITk.Runtime.csproj" />
  <Project Path="UniTask.TextMeshPro.csproj" />
  <Project Path="Febucci.TextAnimator.Demo.Sounds.Runtime.csproj" />
  <Project Path="Febucci.Attributes.Runtime.csproj" />
  <Project Path="Febucci.TextAnimatorForUnity.Input.Runtime.csproj" />
  <Project Path="Assembly-CSharp-Editor.csproj" />
  <Project Path="NineGrid.Flow.Editor.csproj" />
  <Project Path="NineGrid.LivingUI.Editor.csproj" />
  <Project Path="Lofelt.NiceVibrations.csproj" />
  <Project Path="UniTask.Editor.csproj" />
  <Project Path="Sirenix.OdinInspector.Modules.UnityMathematics.csproj" />
  <Project Path="UniTask.DOTween.csproj" />
  <Project Path="NineGrid.LivingUI.Tests.csproj" />
  <Project Path="Assembly-CSharp.csproj" />
  <Project Path="NineGrid.TemporaryTest.csproj" />
  <Project Path="NineGrid.DevTest.Tests.csproj" />
  <Project Path="QFramework.csproj" />
</Solution>
